// !$*UTF8*$!
{
	archiveVersion = 1;
	classes = {
	};
	objectVersion = 77;
	objects = {

/* Begin PBXContainerItemProxy section */
		86EC65222D99F6080001EA45 /* PBXContainerItemProxy */ = {
			isa = PBXContainerItemProxy;
			containerPortal = 86EC65092D99F6070001EA45 /* Project object */;
			proxyType = 1;
			remoteGlobalIDString = 86EC65102D99F6070001EA45;
			remoteInfo = PopularGithubProjects;
		};
		86EC652C2D99F6080001EA45 /* PBXContainerItemProxy */ = {
			isa = PBXContainerItemProxy;
			containerPortal = 86EC65092D99F6070001EA45 /* Project object */;
			proxyType = 1;
			remoteGlobalIDString = 86EC65102D99F6070001EA45;
			remoteInfo = PopularGithubProjects;
		};
/* End PBXContainerItemProxy section */

/* Begin PBXFileReference section */
		86EC65112D99F6070001EA45 /* PopularGithubProjects.app */ = {isa = PBXFileReference; explicitFileType = wrapper.application; includeInIndex = 0; path = PopularGithubProjects.app; sourceTree = BUILT_PRODUCTS_DIR; };
		86EC65212D99F6080001EA45 /* PopularGithubProjectsTests.xctest */ = {isa = PBXFileReference; explicitFileType = wrapper.cfbundle; includeInIndex = 0; path = PopularGithubProjectsTests.xctest; sourceTree = BUILT_PRODUCTS_DIR; };
		86EC652B2D99F6080001EA45 /* PopularGithubProjectsUITests.xctest */ = {isa = PBXFileReference; explicitFileType = wrapper.cfbundle; includeInIndex = 0; path = PopularGithubProjectsUITests.xctest; sourceTree = BUILT_PRODUCTS_DIR; };
/* End PBXFileReference section */

/* Begin PBXFileSystemSynchronizedRootGroup section */
		86EC65132D99F6070001EA45 /* PopularGithubProjects */ = {
			isa = PBXFileSystemSynchronizedRootGroup;
			path = PopularGithubProjects;
			sourceTree = "<group>";
		};
		86EC65242D99F6080001EA45 /* PopularGithubProjectsTests */ = {
			isa = PBXFileSystemSynchronizedRootGroup;
			path = PopularGithubProjectsTests;
			sourceTree = "<group>";
		};
		86EC652E2D99F6080001EA45 /* PopularGithubProjectsUITests */ = {
			isa = PBXFileSystemSynchronizedRootGroup;
			path = PopularGithubProjectsUITests;
			sourceTree = "<group>";
		};
/* End PBXFileSystemSynchronizedRootGroup section */

/* Begin PBXFrameworksBuildPhase section */
		86EC650E2D99F6070001EA45 /* Frameworks */ = {
			isa = PBXFrameworksBuildPhase;
			buildActionMask = 2147483647;
			files = (
			);
			runOnlyForDeploymentPostprocessing = 0;
		};
		86EC651E2D99F6080001EA45 /* Frameworks */ = {
			isa = PBXFrameworksBuildPhase;
			buildActionMask = 2147483647;
			files = (
			);
			runOnlyForDeploymentPostprocessing = 0;
		};
		86EC65282D99F6080001EA45 /* Frameworks */ = {
			isa = PBXFrameworksBuildPhase;
			buildActionMask = 2147483647;
			files = (
			);
			runOnlyForDeploymentPostprocessing = 0;
		};
/* End PBXFrameworksBuildPhase section */

/* Begin PBXGroup section */
		86EC65082D99F6070001EA45 = {
			isa = PBXGroup;
			children = (
				86EC65132D99F6070001EA45 /* PopularGithubProjects */,
				86EC65242D99F6080001EA45 /* PopularGithubProjectsTests */,
				86EC652E2D99F6080001EA45 /* PopularGithubProjectsUITests */,
				86EC65122D99F6070001EA45 /* Products */,
			);
			sourceTree = "<group>";
		};
		86EC65122D99F6070001EA45 /* Products */ = {
			isa = PBXGroup;
			children = (
				86EC65112D99F6070001EA45 /* PopularGithubProjects.app */,
				86EC65212D99F6080001EA45 /* PopularGithubProjectsTests.xctest */,
				86EC652B2D99F6080001EA45 /* PopularGithubProjectsUITests.xctest */,
			);
			name = Products;
			sourceTree = "<group>";
		};
/* End PBXGroup section */

/* Begin PBXNativeTarget section */
		86EC65102D99F6070001EA45 /* PopularGithubProjects */ = {
			isa = PBXNativeTarget;
			buildConfigurationList = 86EC65352D99F6080001EA45 /* Build configuration list for PBXNativeTarget "PopularGithubProjects" */;
			buildPhases = (
				86EC650D2D99F6070001EA45 /* Sources */,
				86EC650E2D99F6070001EA45 /* Frameworks */,
				86EC650F2D99F6070001EA45 /* Resources */,
			);
			buildRules = (
			);
			dependencies = (
			);
			fileSystemSynchronizedGroups = (
				86EC65132D99F6070001EA45 /* PopularGithubProjects */,
			);
			name = PopularGithubProjects;
			packageProductDependencies = (
			);
			productName = PopularGithubProjects;
			productReference = 86EC65112D99F6070001EA45 /* PopularGithubProjects.app */;
			productType = "com.apple.product-type.application";
		};
		86EC65202D99F6080001EA45 /* PopularGithubProjectsTests */ = {
			isa = PBXNativeTarget;
			buildConfigurationList = 86EC65382D99F6080001EA45 /* Build configuration list for PBXNativeTarget "PopularGithubProjectsTests" */;
			buildPhases = (
				86EC651D2D99F6080001EA45 /* Sources */,
				86EC651E2D99F6080001EA45 /* Frameworks */,
				86EC651F2D99F6080001EA45 /* Resources */,
			);
			buildRules = (
			);
			dependencies = (
				86EC65232D99F6080001EA45 /* PBXTargetDependency */,
			);
			fileSystemSynchronizedGroups = (
				86EC65242D99F6080001EA45 /* PopularGithubProjectsTests */,
			);
			name = PopularGithubProjectsTests;
			packageProductDependencies = (
			);
			productName = PopularGithubProjectsTests;
			productReference = 86EC65212D99F6080001EA45 /* PopularGithubProjectsTests.xctest */;
			productType = "com.apple.product-type.bundle.unit-test";
		};
		86EC652A2D99F6080001EA45 /* PopularGithubProjectsUITests */ = {
			isa = PBXNativeTarget;
			buildConfigurationList = 86EC653B2D99F6080001EA45 /* Build configuration list for PBXNativeTarget "PopularGithubProjectsUITests" */;
			buildPhases = (
				86EC65272D99F6080001EA45 /* Sources */,
				86EC65282D99F6080001EA45 /* Frameworks */,
				86EC65292D99F6080001EA45 /* Resources */,
			);
			buildRules = (
			);
			dependencies = (
				86EC652D2D99F6080001EA45 /* PBXTargetDependency */,
			);
			fileSystemSynchronizedGroups = (
				86EC652E2D99F6080001EA45 /* PopularGithubProjectsUITests */,
			);
			name = PopularGithubProjectsUITests;
			packageProductDependencies = (
			);
			productName = PopularGithubProjectsUITests;
			productReference = 86EC652B2D99F6080001EA45 /* PopularGithubProjectsUITests.xctest */;
			productType = "com.apple.product-type.bundle.ui-testing";
		};
/* End PBXNativeTarget section */

/* Begin PBXProject section */
		86EC65092D99F6070001EA45 /* Project object */ = {
			isa = PBXProject;
			attributes = {
				BuildIndependentTargetsInParallel = 1;
				LastSwiftUpdateCheck = 1620;
				LastUpgradeCheck = 1620;
				TargetAttributes = {
					86EC65102D99F6070001EA45 = {
						CreatedOnToolsVersion = 16.2;
					};
					86EC65202D99F6080001EA45 = {
						CreatedOnToolsVersion = 16.2;
						TestTargetID = 86EC65102D99F6070001EA45;
					};
					86EC652A2D99F6080001EA45 = {
						CreatedOnToolsVersion = 16.2;
						TestTargetID = 86EC65102D99F6070001EA45;
					};
				};
			};
			buildConfigurationList = 86EC650C2D99F6070001EA45 /* Build configuration list for PBXProject "PopularGithubProjects" */;
			developmentRegion = en;
			hasScannedForEncodings = 0;
			knownRegions = (
				en,
				Base,
			);
			mainGroup = 86EC65082D99F6070001EA45;
			minimizedProjectReferenceProxies = 1;
			preferredProjectObjectVersion = 77;
			productRefGroup = 86EC65122D99F6070001EA45 /* Products */;
			projectDirPath = "";
			projectRoot = "";
			targets = (
				86EC65102D99F6070001EA45 /* PopularGithubProjects */,
				86EC65202D99F6080001EA45 /* PopularGithubProjectsTests */,
				86EC652A2D99F6080001EA45 /* PopularGithubProjectsUITests */,
			);
		};
/* End PBXProject section */

/* Begin PBXResourcesBuildPhase section */
		86EC650F2D99F6070001EA45 /* Resources */ = {
			isa = PBXResourcesBuildPhase;
			buildActionMask = 2147483647;
			files = (
			);
			runOnlyForDeploymentPostprocessing = 0;
		};
		86EC651F2D99F6080001EA45 /* Resources */ = {
			isa = PBXResourcesBuildPhase;
			buildActionMask = 2147483647;
			files = (
			);
			runOnlyForDeploymentPostprocessing = 0;
		};
		86EC65292D99F6080001EA45 /* Resources */ = {
			isa = PBXResourcesBuildPhase;
			buildActionMask = 2147483647;
			files = (
			);
			runOnlyForDeploymentPostprocessing = 0;
		};
/* End PBXResourcesBuildPhase section */

/* Begin PBXSourcesBuildPhase section */
		86EC650D2D99F6070001EA45 /* Sources */ = {
			isa = PBXSourcesBuildPhase;
			buildActionMask = 2147483647;
			files = (
			);
			runOnlyForDeploymentPostprocessing = 0;
		};
		86EC651D2D99F6080001EA45 /* Sources */ = {
			isa = PBXSourcesBuildPhase;
			buildActionMask = 2147483647;
			files = (
			);
			runOnlyForDeploymentPostprocessing = 0;
		};
		86EC65272D99F6080001EA45 /* Sources */ = {
			isa = PBXSourcesBuildPhase;
			buildActionMask = 2147483647;
			files = (
			);
			runOnlyForDeploymentPostprocessing = 0;
		};
/* End PBXSourcesBuildPhase section */

/* Begin PBXTargetDependency section */
		86EC65232D99F6080001EA45 /* PBXTargetDependency */ = {
			isa = PBXTargetDependency;
			target = 86EC65102D99F6070001EA45 /* PopularGithubProjects */;
			targetProxy = 86EC65222D99F6080001EA45 /* PBXContainerItemProxy */;
		};
		86EC652D2D99F6080001EA45 /* PBXTargetDependency */ = {
			isa = PBXTargetDependency;
			target = 86EC65102D99F6070001EA45 /* PopularGithubProjects */;
			targetProxy = 86EC652C2D99F6080001EA45 /* PBXContainerItemProxy */;
		};
/* End PBXTargetDependency section */

/* Begin XCBuildConfiguration section */
		86EC65332D99F6080001EA45 /* Debug */ = {
			isa = XCBuildConfiguration;
			buildSettings = {
				ALWAYS_SEARCH_USER_PATHS = NO;
				ASSETCATALOG_COMPILER_GENERATE_SWIFT_ASSET_SYMBOL_EXTENSIONS = YES;
				CLANG_ANALYZER_NONNULL = YES;
				CLANG_ANALYZER_NUMBER_OBJECT_CONVERSION = YES_AGGRESSIVE;
				CLANG_CXX_LANGUAGE_STANDARD = "gnu++20";
				CLANG_ENABLE_MODULES = YES;
				CLANG_ENABLE_OBJC_ARC = YES;
				CLANG_ENABLE_OBJC_WEAK = YES;
				CLANG_WARN_BLOCK_CAPTURE_AUTORELEASING = YES;
				CLANG_WARN_BOOL_CONVERSION = YES;
				CLANG_WARN_COMMA = YES;
				CLANG_WARN_CONSTANT_CONVERSION = YES;
				CLANG_WARN_DEPRECATED_OBJC_IMPLEMENTATIONS = YES;
				CLANG_WARN_DIRECT_OBJC_ISA_USAGE = YES_ERROR;
				CLANG_WARN_DOCUMENTATION_COMMENTS = YES;
				CLANG_WARN_EMPTY_BODY = YES;
				CLANG_WARN_ENUM_CONVERSION = YES;
				CLANG_WARN_INFINITE_RECURSION = YES;
				CLANG_WARN_INT_CONVERSION = YES;
				CLANG_WARN_NON_LITERAL_NULL_CONVERSION = YES;
				CLANG_WARN_OBJC_IMPLICIT_RETAIN_SELF = YES;
				CLANG_WARN_OBJC_LITERAL_CONVERSION = YES;
				CLANG_WARN_OBJC_ROOT_CLASS = YES_ERROR;
				CLANG_WARN_QUOTED_INCLUDE_IN_FRAMEWORK_HEADER = YES;
				CLANG_WARN_RANGE_LOOP_ANALYSIS = YES;
				CLANG_WARN_STRICT_PROTOTYPES = YES;
				CLANG_WARN_SUSPICIOUS_MOVE = YES;
				CLANG_WARN_UNGUARDED_AVAILABILITY = YES_AGGRESSIVE;
				CLANG_WARN_UNREACHABLE_CODE = YES;
				CLANG_WARN__DUPLICATE_METHOD_MATCH = YES;
				COPY_PHASE_STRIP = NO;
				DEBUG_INFORMATION_FORMAT = dwarf;
				ENABLE_STRICT_OBJC_MSGSEND = YES;
				ENABLE_TESTABILITY = YES;
				ENABLE_USER_SCRIPT_SANDBOXING = YES;
				GCC_C_LANGUAGE_STANDARD = gnu17;
				GCC_DYNAMIC_NO_PIC = NO;
				GCC_NO_COMMON_BLOCKS = YES;
				GCC_OPTIMIZATION_LEVEL = 0;
				GCC_PREPROCESSOR_DEFINITIONS = (
					"DEBUG=1",
					"$(inherited)",
				);
				GCC_WARN_64_TO_32_BIT_CONVERSION = YES;
				GCC_WARN_ABOUT_RETURN_TYPE = YES_ERROR;
				GCC_WARN_UNDECLARED_SELECTOR = YES;
				GCC_WARN_UNINITIALIZED_AUTOS = YES_AGGRESSIVE;
				GCC_WARN_UNUSED_FUNCTION = YES;
				GCC_WARN_UNUSED_VARIABLE = YES;
				IPHONEOS_DEPLOYMENT_TARGET = 18.2;
				LOCALIZATION_PREFERS_STRING_CATALOGS = YES;
				MTL_ENABLE_DEBUG_INFO = INCLUDE_SOURCE;
				MTL_FAST_MATH = YES;
				ONLY_ACTIVE_ARCH = YES;
				SDKROOT = iphoneos;
				SWIFT_ACTIVE_COMPILATION_CONDITIONS = "DEBUG $(inherited)";
				SWIFT_OPTIMIZATION_LEVEL = "-Onone";
			};
			name = Debug;
		};
		86EC65342D99F6080001EA45 /* Release */ = {
			isa = XCBuildConfiguration;
			buildSettings = {
				ALWAYS_SEARCH_USER_PATHS = NO;
				ASSETCATALOG_COMPILER_GENERATE_SWIFT_ASSET_SYMBOL_EXTENSIONS = YES;
				CLANG_ANALYZER_NONNULL = YES;
				CLANG_ANALYZER_NUMBER_OBJECT_CONVERSION = YES_AGGRESSIVE;
				CLANG_CXX_LANGUAGE_STANDARD = "gnu++20";
				CLANG_ENABLE_MODULES = YES;
				CLANG_ENABLE_OBJC_ARC = YES;
				CLANG_ENABLE_OBJC_WEAK = YES;
				CLANG_WARN_BLOCK_CAPTURE_AUTORELEASING = YES;
				CLANG_WARN_BOOL_CONVERSION = YES;
				CLANG_WARN_COMMA = YES;
				CLANG_WARN_CONSTANT_CONVERSION = YES;
				CLANG_WARN_DEPRECATED_OBJC_IMPLEMENTATIONS = YES;
				CLANG_WARN_DIRECT_OBJC_ISA_USAGE = YES_ERROR;
				CLANG_WARN_DOCUMENTATION_COMMENTS = YES;
				CLANG_WARN_EMPTY_BODY = YES;
				CLANG_WARN_ENUM_CONVERSION = YES;
				CLANG_WARN_INFINITE_RECURSION = YES;
				CLANG_WARN_INT_CONVERSION = YES;
				CLANG_WARN_NON_LITERAL_NULL_CONVERSION = YES;
				CLANG_WARN_OBJC_IMPLICIT_RETAIN_SELF = YES;
				CLANG_WARN_OBJC_LITERAL_CONVERSION = YES;
				CLANG_WARN_OBJC_ROOT_CLASS = YES_ERROR;
				CLANG_WARN_QUOTED_INCLUDE_IN_FRAMEWORK_HEADER = YES;
				CLANG_WARN_RANGE_LOOP_ANALYSIS = YES;
				CLANG_WARN_STRICT_PROTOTYPES = YES;
				CLANG_WARN_SUSPICIOUS_MOVE = YES;
				CLANG_WARN_UNGUARDED_AVAILABILITY = YES_AGGRESSIVE;
				CLANG_WARN_UNREACHABLE_CODE = YES;
				CLANG_WARN__DUPLICATE_METHOD_MATCH = YES;
				COPY_PHASE_STRIP = NO;
				DEBUG_INFORMATION_FORMAT = "dwarf-with-dsym";
				ENABLE_NS_ASSERTIONS = NO;
				ENABLE_STRICT_OBJC_MSGSEND = YES;
				ENABLE_USER_SCRIPT_SANDBOXING = YES;
				GCC_C_LANGUAGE_STANDARD = gnu17;
				GCC_NO_COMMON_BLOCKS = YES;
				GCC_WARN_64_TO_32_BIT_CONVERSION = YES;
				GCC_WARN_ABOUT_RETURN_TYPE = YES_ERROR;
				GCC_WARN_UNDECLARED_SELECTOR = YES;
				GCC_WARN_UNINITIALIZED_AUTOS = YES_AGGRESSIVE;
				GCC_WARN_UNUSED_FUNCTION = YES;
				GCC_WARN_UNUSED_VARIABLE = YES;
				IPHONEOS_DEPLOYMENT_TARGET = 18.2;
				LOCALIZATION_PREFERS_STRING_CATALOGS = YES;
				MTL_ENABLE_DEBUG_INFO = NO;
				MTL_FAST_MATH = YES;
				SDKROOT = iphoneos;
				SWIFT_COMPILATION_MODE = wholemodule;
				VALIDATE_PRODUCT = YES;
			};
			name = Release;
		};
		86EC65362D99F6080001EA45 /* Debug */ = {
			isa = XCBuildConfiguration;
			buildSettings = {
				ASSETCATALOG_COMPILER_APPICON_NAME = AppIcon;
				ASSETCATALOG_COMPILER_GLOBAL_ACCENT_COLOR_NAME = AccentColor;
				CODE_SIGN_STYLE = Automatic;
				CURRENT_PROJECT_VERSION = 1;
				DEVELOPMENT_ASSET_PATHS = "\"PopularGithubProjects/Preview Content\"";
				ENABLE_PREVIEWS = YES;
				GENERATE_INFOPLIST_FILE = YES;
				INFOPLIST_KEY_UIApplicationSceneManifest_Generation = YES;
				INFOPLIST_KEY_UIApplicationSupportsIndirectInputEvents = YES;
				INFOPLIST_KEY_UILaunchScreen_Generation = YES;
				INFOPLIST_KEY_UISupportedInterfaceOrientations_iPad = "UIInterfaceOrientationPortrait UIInterfaceOrientationPortraitUpsideDown UIInterfaceOrientationLandscapeLeft UIInterfaceOrientationLandscapeRight";
				INFOPLIST_KEY_UISupportedInterfaceOrientations_iPhone = "UIInterfaceOrientationPortrait UIInterfaceOrientationLandscapeLeft UIInterfaceOrientationLandscapeRight";
				IPHONEOS_DEPLOYMENT_TARGET = 17;
				LD_RUNPATH_SEARCH_PATHS = (
					"$(inherited)",
					"@executable_path/Frameworks",
				);
				MARKETING_VERSION = 1.0;
				PRODUCT_BUNDLE_IDENTIFIER = com.michalkoks.PopularGithubProjects;
				PRODUCT_NAME = "$(TARGET_NAME)";
				SWIFT_EMIT_LOC_STRINGS = YES;
				SWIFT_VERSION = 5.0;
				TARGETED_DEVICE_FAMILY = "1,2";
			};
			name = Debug;
		};
		86EC65372D99F6080001EA45 /* Release */ = {
			isa = XCBuildConfiguration;
			buildSettings = {
				ASSETCATALOG_COMPILER_APPICON_NAME = AppIcon;
				ASSETCATALOG_COMPILER_GLOBAL_ACCENT_COLOR_NAME = AccentColor;
				CODE_SIGN_STYLE = Automatic;
				CURRENT_PROJECT_VERSION = 1;
				DEVELOPMENT_ASSET_PATHS = "\"PopularGithubProjects/Preview Content\"";
				ENABLE_PREVIEWS = YES;
				GENERATE_INFOPLIST_FILE = YES;
				INFOPLIST_KEY_UIApplicationSceneManifest_Generation = YES;
				INFOPLIST_KEY_UIApplicationSupportsIndirectInputEvents = YES;
				INFOPLIST_KEY_UILaunchScreen_Generation = YES;
				INFOPLIST_KEY_UISupportedInterfaceOrientations_iPad = "UIInterfaceOrientationPortrait UIInterfaceOrientationPortraitUpsideDown UIInterfaceOrientationLandscapeLeft UIInterfaceOrientationLandscapeRight";
				INFOPLIST_KEY_UISupportedInterfaceOrientations_iPhone = "UIInterfaceOrientationPortrait UIInterfaceOrientationLandscapeLeft UIInterfaceOrientationLandscapeRight";
				IPHONEOS_DEPLOYMENT_TARGET = 17;
				LD_RUNPATH_SEARCH_PATHS = (
					"$(inherited)",
					"@executable_path/Frameworks",
				);
				MARKETING_VERSION = 1.0;
				PRODUCT_BUNDLE_IDENTIFIER = com.michalkoks.PopularGithubProjects;
				PRODUCT_NAME = "$(TARGET_NAME)";
				SWIFT_EMIT_LOC_STRINGS = YES;
				SWIFT_VERSION = 5.0;
				TARGETED_DEVICE_FAMILY = "1,2";
			};
			name = Release;
		};
		86EC65392D99F6080001EA45 /* Debug */ = {
			isa = XCBuildConfiguration;
			buildSettings = {
				BUNDLE_LOADER = "$(TEST_HOST)";
				CODE_SIGN_STYLE = Automatic;
				CURRENT_PROJECT_VERSION = 1;
				GENERATE_INFOPLIST_FILE = YES;
				IPHONEOS_DEPLOYMENT_TARGET = 18.2;
				MARKETING_VERSION = 1.0;
				PRODUCT_BUNDLE_IDENTIFIER = com.michalkoks.PopularGithubProjectsTests;
				PRODUCT_NAME = "$(TARGET_NAME)";
				SWIFT_EMIT_LOC_STRINGS = NO;
				SWIFT_VERSION = 5.0;
				TARGETED_DEVICE_FAMILY = "1,2";
				TEST_HOST = "$(BUILT_PRODUCTS_DIR)/PopularGithubProjects.app/$(BUNDLE_EXECUTABLE_FOLDER_PATH)/PopularGithubProjects";
			};
			name = Debug;
		};
		86EC653A2D99F6080001EA45 /* Release */ = {
			isa = XCBuildConfiguration;
			buildSettings = {
				BUNDLE_LOADER = "$(TEST_HOST)";
				CODE_SIGN_STYLE = Automatic;
				CURRENT_PROJECT_VERSION = 1;
				GENERATE_INFOPLIST_FILE = YES;
				IPHONEOS_DEPLOYMENT_TARGET = 18.2;
				MARKETING_VERSION = 1.0;
				PRODUCT_BUNDLE_IDENTIFIER = com.michalkoks.PopularGithubProjectsTests;
				PRODUCT_NAME = "$(TARGET_NAME)";
				SWIFT_EMIT_LOC_STRINGS = NO;
				SWIFT_VERSION = 5.0;
				TARGETED_DEVICE_FAMILY = "1,2";
				TEST_HOST = "$(BUILT_PRODUCTS_DIR)/PopularGithubProjects.app/$(BUNDLE_EXECUTABLE_FOLDER_PATH)/PopularGithubProjects";
			};
			name = Release;
		};
		86EC653C2D99F6080001EA45 /* Debug */ = {
			isa = XCBuildConfiguration;
			buildSettings = {
				CODE_SIGN_STYLE = Automatic;
				CURRENT_PROJECT_VERSION = 1;
				GENERATE_INFOPLIST_FILE = YES;
				MARKETING_VERSION = 1.0;
				PRODUCT_BUNDLE_IDENTIFIER = com.michalkoks.PopularGithubProjectsUITests;
				PRODUCT_NAME = "$(TARGET_NAME)";
				SWIFT_EMIT_LOC_STRINGS = NO;
				SWIFT_VERSION = 5.0;
				TARGETED_DEVICE_FAMILY = "1,2";
				TEST_TARGET_NAME = PopularGithubProjects;
			};
			name = Debug;
		};
		86EC653D2D99F6080001EA45 /* Release */ = {
			isa = XCBuildConfiguration;
			buildSettings = {
				CODE_SIGN_STYLE = Automatic;
				CURRENT_PROJECT_VERSION = 1;
				GENERATE_INFOPLIST_FILE = YES;
				MARKETING_VERSION = 1.0;
				PRODUCT_BUNDLE_IDENTIFIER = com.michalkoks.PopularGithubProjectsUITests;
				PRODUCT_NAME = "$(TARGET_NAME)";
				SWIFT_EMIT_LOC_STRINGS = NO;
				SWIFT_VERSION = 5.0;
				TARGETED_DEVICE_FAMILY = "1,2";
				TEST_TARGET_NAME = PopularGithubProjects;
			};
			name = Release;
		};
/* End XCBuildConfiguration section */

/* Begin XCConfigurationList section */
		86EC650C2D99F6070001EA45 /* Build configuration list for PBXProject "PopularGithubProjects" */ = {
			isa = XCConfigurationList;
			buildConfigurations = (
				86EC65332D99F6080001EA45 /* Debug */,
				86EC65342D99F6080001EA45 /* Release */,
			);
			defaultConfigurationIsVisible = 0;
			defaultConfigurationName = Release;
		};
		86EC65352D99F6080001EA45 /* Build configuration list for PBXNativeTarget "PopularGithubProjects" */ = {
			isa = XCConfigurationList;
			buildConfigurations = (
				86EC65362D99F6080001EA45 /* Debug */,
				86EC65372D99F6080001EA45 /* Release */,
			);
			defaultConfigurationIsVisible = 0;
			defaultConfigurationName = Release;
		};
		86EC65382D99F6080001EA45 /* Build configuration list for PBXNativeTarget "PopularGithubProjectsTests" */ = {
			isa = XCConfigurationList;
			buildConfigurations = (
				86EC65392D99F6080001EA45 /* Debug */,
				86EC653A2D99F6080001EA45 /* Release */,
			);
			defaultConfigurationIsVisible = 0;
			defaultConfigurationName = Release;
		};
		86EC653B2D99F6080001EA45 /* Build configuration list for PBXNativeTarget "PopularGithubProjectsUITests" */ = {
			isa = XCConfigurationList;
			buildConfigurations = (
				86EC653C2D99F6080001EA45 /* Debug */,
				86EC653D2D99F6080001EA45 /* Release */,
			);
			defaultConfigurationIsVisible = 0;
			defaultConfigurationName = Release;
		};
/* End XCConfigurationList section */
	};
	rootObject = 86EC65092D99F6070001EA45 /* Project object */;
}
